
Microsoft Visual Studio Solution File, Format Version 12.00
# Visual Studio Version 17
VisualStudioVersion = 17.5.002.0
MinimumVisualStudioVersion = 10.0.40219.1
Project("{9A19103F-16F7-4668-BE54-9A1E7A4F7556}") = "CollectNews", "CollectNews.csproj", "{9C408E67-3A75-4019-9391-D99065B1A0BB}"
EndProject
Global
	GlobalSection(SolutionConfigurationPlatforms) = preSolution
		Debug|Any CPU = Debug|Any CPU
		Release|Any CPU = Release|Any CPU
	EndGlobalSection
	GlobalSection(ProjectConfigurationPlatforms) = postSolution
		{9C408E67-3A75-4019-9391-D99065B1A0BB}.Debug|Any CPU.ActiveCfg = Debug|Any CPU
		{9C408E67-3A75-4019-9391-D99065B1A0BB}.Debug|Any CPU.Build.0 = Debug|Any CPU
		{9C408E67-3A75-4019-9391-D99065B1A0BB}.Release|Any CPU.ActiveCfg = Release|Any CPU
		{9C408E67-3A75-4019-9391-D99065B1A0BB}.Release|Any CPU.Build.0 = Release|Any CPU
		{CA4FB4FC-77A0-4BDF-ACAE-25DC27699BB2}.Debug|Any CPU.ActiveCfg = Debug|Any CPU
		{CA4FB4FC-77A0-4BDF-ACAE-25DC27699BB2}.Debug|Any CPU.Build.0 = Debug|Any CPU
		{CA4FB4FC-77A0-4BDF-ACAE-25DC27699BB2}.Release|Any CPU.ActiveCfg = Release|Any CPU
		{CA4FB4FC-77A0-4BDF-ACAE-25DC27699BB2}.Release|Any CPU.Build.0 = Release|Any CPU
	EndGlobalSection
	GlobalSection(SolutionProperties) = preSolution
		HideSolutionNode = FALSE
	EndGlobalSection
	GlobalSection(ExtensibilityGlobals) = postSolution
		SolutionGuid = {47D50367-8D5B-4D98-93F4-C1F42CAA46C6}
	EndGlobalSection
EndGlobal
